
Microsoft Visual Studio Solution File, Format Version 12.00
# Visual Studio Version 17
VisualStudioVersion = 17.8.34511.84
MinimumVisualStudioVersion = 10.0.40219.1
Project("{FAE04EC0-301F-11D3-BF4B-00C04F79EFBC}") = "sistema", "sistema.csproj", "{8DF23E08-50AD-460B-8C5D-6E8CAF088D9E}"
EndProject
Global
	GlobalSection(SolutionConfigurationPlatforms) = preSolution
		Debug|Any CPU = Debug|Any CPU
		Release|Any CPU = Release|Any CPU
	EndGlobalSection
	GlobalSection(ProjectConfigurationPlatforms) = postSolution
		{8DF23E08-50AD-460B-8C5D-6E8CAF088D9E}.Debug|Any CPU.ActiveCfg = Debug|Any CPU
		{8DF23E08-50AD-460B-8C5D-6E8CAF088D9E}.Debug|Any CPU.Build.0 = Debug|Any CPU
		{8DF23E08-50AD-460B-8C5D-6E8CAF088D9E}.Release|Any CPU.ActiveCfg = Release|Any CPU
		{8DF23E08-50AD-460B-8C5D-6E8CAF088D9E}.Release|Any CPU.Build.0 = Release|Any CPU
	EndGlobalSection
	GlobalSection(SolutionProperties) = preSolution
		HideSolutionNode = FALSE
	EndGlobalSection
	GlobalSection(ExtensibilityGlobals) = postSolution
		SolutionGuid = {716D1CE5-AD8A-4B58-A8E2-96A65A729254}
	EndGlobalSection
EndGlobal
