
Microsoft Visual Studio Solution File, Format Version 12.00
# Visual Studio Version 17
VisualStudioVersion = 17.5.002.0
MinimumVisualStudioVersion = 10.0.40219.1
Project("{9A19103F-16F7-4668-BE54-9A1E7A4F7556}") = "LogicaBasica-Tabuada", "LogicaBasica-Tabuada.csproj", "{D3B5F91E-3958-4299-9E3F-0FB4FE4B5B84}"
EndProject
Global
	GlobalSection(SolutionConfigurationPlatforms) = preSolution
		Debug|Any CPU = Debug|Any CPU
		Release|Any CPU = Release|Any CPU
	EndGlobalSection
	GlobalSection(ProjectConfigurationPlatforms) = postSolution
		{D3B5F91E-3958-4299-9E3F-0FB4FE4B5B84}.Debug|Any CPU.ActiveCfg = Debug|Any CPU
		{D3B5F91E-3958-4299-9E3F-0FB4FE4B5B84}.Debug|Any CPU.Build.0 = Debug|Any CPU
		{D3B5F91E-3958-4299-9E3F-0FB4FE4B5B84}.Release|Any CPU.ActiveCfg = Release|Any CPU
		{D3B5F91E-3958-4299-9E3F-0FB4FE4B5B84}.Release|Any CPU.Build.0 = Release|Any CPU
	EndGlobalSection
	GlobalSection(SolutionProperties) = preSolution
		HideSolutionNode = FALSE
	EndGlobalSection
	GlobalSection(ExtensibilityGlobals) = postSolution
		SolutionGuid = {2DFEF7CB-685C-41C7-9BDC-4822D25E31F7}
	EndGlobalSection
EndGlobal
