
Microsoft Visual Studio Solution File, Format Version 12.00
# Visual Studio Version 17
VisualStudioVersion = 17.9.34728.123
MinimumVisualStudioVersion = 10.0.40219.1
Project("{FAE04EC0-301F-11D3-BF4B-00C04F79EFBC}") = "validate-email", "validate-email.csproj", "{5219E239-AF0F-4D24-BA1E-56AB05646F0E}"
EndProject
Project("{FAE04EC0-301F-11D3-BF4B-00C04F79EFBC}") = "Emails.Test", "..\Emails.Test\Emails.Test.csproj", "{FFEF45E5-1E38-48DF-8C69-17967A352BAE}"
EndProject
Global
	GlobalSection(SolutionConfigurationPlatforms) = preSolution
		Debug|Any CPU = Debug|Any CPU
		Release|Any CPU = Release|Any CPU
	EndGlobalSection
	GlobalSection(ProjectConfigurationPlatforms) = postSolution
		{5219E239-AF0F-4D24-BA1E-56AB05646F0E}.Debug|Any CPU.ActiveCfg = Debug|Any CPU
		{5219E239-AF0F-4D24-BA1E-56AB05646F0E}.Debug|Any CPU.Build.0 = Debug|Any CPU
		{5219E239-AF0F-4D24-BA1E-56AB05646F0E}.Release|Any CPU.ActiveCfg = Release|Any CPU
		{5219E239-AF0F-4D24-BA1E-56AB05646F0E}.Release|Any CPU.Build.0 = Release|Any CPU
		{FFEF45E5-1E38-48DF-8C69-17967A352BAE}.Debug|Any CPU.ActiveCfg = Debug|Any CPU
		{FFEF45E5-1E38-48DF-8C69-17967A352BAE}.Debug|Any CPU.Build.0 = Debug|Any CPU
		{FFEF45E5-1E38-48DF-8C69-17967A352BAE}.Release|Any CPU.ActiveCfg = Release|Any CPU
		{FFEF45E5-1E38-48DF-8C69-17967A352BAE}.Release|Any CPU.Build.0 = Release|Any CPU
	EndGlobalSection
	GlobalSection(SolutionProperties) = preSolution
		HideSolutionNode = FALSE
	EndGlobalSection
	GlobalSection(ExtensibilityGlobals) = postSolution
		SolutionGuid = {50E43FB1-E4D5-4D39-A04C-A5A5D2426E15}
	EndGlobalSection
EndGlobal
