
Microsoft Visual Studio Solution File, Format Version 12.00
# Visual Studio Version 17
VisualStudioVersion = 17.5.002.0
MinimumVisualStudioVersion = 10.0.40219.1
Project("{9A19103F-16F7-4668-BE54-9A1E7A4F7556}") = "LogicaBasica-ForEach", "LogicaBasica-ForEach.csproj", "{0A45ADA1-70A9-489B-B946-648CA3561863}"
EndProject
Global
	GlobalSection(SolutionConfigurationPlatforms) = preSolution
		Debug|Any CPU = Debug|Any CPU
		Release|Any CPU = Release|Any CPU
	EndGlobalSection
	GlobalSection(ProjectConfigurationPlatforms) = postSolution
		{0A45ADA1-70A9-489B-B946-648CA3561863}.Debug|Any CPU.ActiveCfg = Debug|Any CPU
		{0A45ADA1-70A9-489B-B946-648CA3561863}.Debug|Any CPU.Build.0 = Debug|Any CPU
		{0A45ADA1-70A9-489B-B946-648CA3561863}.Release|Any CPU.ActiveCfg = Release|Any CPU
		{0A45ADA1-70A9-489B-B946-648CA3561863}.Release|Any CPU.Build.0 = Release|Any CPU
	EndGlobalSection
	GlobalSection(SolutionProperties) = preSolution
		HideSolutionNode = FALSE
	EndGlobalSection
	GlobalSection(ExtensibilityGlobals) = postSolution
		SolutionGuid = {2DD8A541-DA3B-4B56-A240-4D784BD38A67}
	EndGlobalSection
EndGlobal
