
Microsoft Visual Studio Solution File, Format Version 12.00
# Visual Studio Version 17
VisualStudioVersion = 17.5.002.0
MinimumVisualStudioVersion = 10.0.40219.1
Project("{9A19103F-16F7-4668-BE54-9A1E7A4F7556}") = "Ex-04", "Ex-04.csproj", "{30738008-6E92-46CC-8E6B-DAF81BEC7763}"
EndProject
Global
	GlobalSection(SolutionConfigurationPlatforms) = preSolution
		Debug|Any CPU = Debug|Any CPU
		Release|Any CPU = Release|Any CPU
	EndGlobalSection
	GlobalSection(ProjectConfigurationPlatforms) = postSolution
		{30738008-6E92-46CC-8E6B-DAF81BEC7763}.Debug|Any CPU.ActiveCfg = Debug|Any CPU
		{30738008-6E92-46CC-8E6B-DAF81BEC7763}.Debug|Any CPU.Build.0 = Debug|Any CPU
		{30738008-6E92-46CC-8E6B-DAF81BEC7763}.Release|Any CPU.ActiveCfg = Release|Any CPU
		{30738008-6E92-46CC-8E6B-DAF81BEC7763}.Release|Any CPU.Build.0 = Release|Any CPU
	EndGlobalSection
	GlobalSection(SolutionProperties) = preSolution
		HideSolutionNode = FALSE
	EndGlobalSection
	GlobalSection(ExtensibilityGlobals) = postSolution
		SolutionGuid = {A5F53DE3-A263-482E-A4CD-80B8925BF23E}
	EndGlobalSection
EndGlobal
