
Microsoft Visual Studio Solution File, Format Version 12.00
# Visual Studio Version 17
VisualStudioVersion = 17.9.34723.18
MinimumVisualStudioVersion = 10.0.40219.1
Project("{FAE04EC0-301F-11D3-BF4B-00C04F79EFBC}") = "testAPI", "testAPI.csproj", "{81F9995D-A2C3-4837-ADCC-E73E5831D7B7}"
EndProject
Global
	GlobalSection(SolutionConfigurationPlatforms) = preSolution
		Debug|Any CPU = Debug|Any CPU
		Release|Any CPU = Release|Any CPU
	EndGlobalSection
	GlobalSection(ProjectConfigurationPlatforms) = postSolution
		{81F9995D-A2C3-4837-ADCC-E73E5831D7B7}.Debug|Any CPU.ActiveCfg = Debug|Any CPU
		{81F9995D-A2C3-4837-ADCC-E73E5831D7B7}.Debug|Any CPU.Build.0 = Debug|Any CPU
		{81F9995D-A2C3-4837-ADCC-E73E5831D7B7}.Release|Any CPU.ActiveCfg = Release|Any CPU
		{81F9995D-A2C3-4837-ADCC-E73E5831D7B7}.Release|Any CPU.Build.0 = Release|Any CPU
	EndGlobalSection
	GlobalSection(SolutionProperties) = preSolution
		HideSolutionNode = FALSE
	EndGlobalSection
	GlobalSection(ExtensibilityGlobals) = postSolution
		SolutionGuid = {DE4057EA-6FE9-4A65-BD9E-5B1F95B1AA9F}
	EndGlobalSection
EndGlobal
